{
  "name": "broken-link-checker-html",
  "version": "1.0.0",
  "lockfileVersion": 3,
  "requires": true,
  "packages": {
    "": {
      "name": "broken-link-checker-html",
      "version": "1.0.0",
      "license": "MIT",
      "bin": {
        "blc": "src/cli.js",
        "broken-link-checker": "src/cli.js"
      },
      "devDependencies": {},
      "engines": {
        "node": ">=18.0.0"
      }
    }
  }
}
